{
  "name": "js_tutorial",
  "version": "1.0.0",
  "lockfileVersion": 1,
  "requires": true,
  "dependencies": {
    "greglas-palindrome": {
      "version": "0.1.0",
      "resolved": "https://registry.npmjs.org/greglas-palindrome/-/greglas-palindrome-0.1.0.tgz",
      "integrity": "sha512-ogXWf/FKX9D7YpueVwfSKtgooCR8cxgMYcLQoQrvw1TVXTCqLtlXKO58ydGpt5/4LAMMcELcJ3hiT9LPKhv/bg=="
    }
  }
}
